
Microsoft Visual Studio Solution File, Format Version 12.00
# Visual Studio Version 17
VisualStudioVersion = 17.1.32210.238
MinimumVisualStudioVersion = 10.0.40219.1
Project("{FAE04EC0-301F-11D3-BF4B-00C04F79EFBC}") = "RecipeScheduler", "RecipeScheduler\RecipeScheduler.csproj", "{F2829F7F-F4AC-4945-AB5B-2481F64535A5}"
EndProject
Project("{FAE04EC0-301F-11D3-BF4B-00C04F79EFBC}") = "RecipeScheduler.Tests", "RecipeScheduler.Tests\RecipeScheduler.Tests.csproj", "{F9E38064-8492-4E45-9274-3F72E6185AEF}"
EndProject
Global
	GlobalSection(SolutionConfigurationPlatforms) = preSolution
		Debug|Any CPU = Debug|Any CPU
		Release|Any CPU = Release|Any CPU
	EndGlobalSection
	GlobalSection(ProjectConfigurationPlatforms) = postSolution
		{F2829F7F-F4AC-4945-AB5B-2481F64535A5}.Debug|Any CPU.ActiveCfg = Debug|Any CPU
		{F2829F7F-F4AC-4945-AB5B-2481F64535A5}.Debug|Any CPU.Build.0 = Debug|Any CPU
		{F2829F7F-F4AC-4945-AB5B-2481F64535A5}.Release|Any CPU.ActiveCfg = Release|Any CPU
		{F2829F7F-F4AC-4945-AB5B-2481F64535A5}.Release|Any CPU.Build.0 = Release|Any CPU
		{F9E38064-8492-4E45-9274-3F72E6185AEF}.Debug|Any CPU.ActiveCfg = Debug|Any CPU
		{F9E38064-8492-4E45-9274-3F72E6185AEF}.Debug|Any CPU.Build.0 = Debug|Any CPU
		{F9E38064-8492-4E45-9274-3F72E6185AEF}.Release|Any CPU.ActiveCfg = Release|Any CPU
		{F9E38064-8492-4E45-9274-3F72E6185AEF}.Release|Any CPU.Build.0 = Release|Any CPU
	EndGlobalSection
	GlobalSection(SolutionProperties) = preSolution
		HideSolutionNode = FALSE
	EndGlobalSection
	GlobalSection(ExtensibilityGlobals) = postSolution
		SolutionGuid = {803F1DDB-61DA-444F-AF83-0198645BFB6D}
	EndGlobalSection
EndGlobal
